
Microsoft Visual Studio Solution File, Format Version 12.00
# Visual Studio Version 17
VisualStudioVersion = 17.3.32825.248
MinimumVisualStudioVersion = 10.0.40219.1
Project("{FAE04EC0-301F-11D3-BF4B-00C04F79EFBC}") = "BTTiengAnh", "BTTiengAnh.csproj", "{C73F826B-F4EF-453D-B69F-FA18FEBD4127}"
EndProject
Global
	GlobalSection(SolutionConfigurationPlatforms) = preSolution
		Debug|Any CPU = Debug|Any CPU
		Release|Any CPU = Release|Any CPU
	EndGlobalSection
	GlobalSection(ProjectConfigurationPlatforms) = postSolution
		{C73F826B-F4EF-453D-B69F-FA18FEBD4127}.Debug|Any CPU.ActiveCfg = Debug|Any CPU
		{C73F826B-F4EF-453D-B69F-FA18FEBD4127}.Debug|Any CPU.Build.0 = Debug|Any CPU
		{C73F826B-F4EF-453D-B69F-FA18FEBD4127}.Release|Any CPU.ActiveCfg = Release|Any CPU
		{C73F826B-F4EF-453D-B69F-FA18FEBD4127}.Release|Any CPU.Build.0 = Release|Any CPU
	EndGlobalSection
	GlobalSection(SolutionProperties) = preSolution
		HideSolutionNode = FALSE
	EndGlobalSection
	GlobalSection(ExtensibilityGlobals) = postSolution
		SolutionGuid = {A2FCDDCC-6DD7-418F-9980-F8663B5FDA43}
	EndGlobalSection
EndGlobal
